
Microsoft Visual Studio Solution File, Format Version 12.00
# Visual Studio Version 16
VisualStudioVersion = 16.0.31729.503
MinimumVisualStudioVersion = 10.0.40219.1
Project("{FAE04EC0-301F-11D3-BF4B-00C04F79EFBC}") = "homework-05", "homework-05.csproj", "{AABDEC0F-EAC9-43DE-9E22-B1D73DD1F500}"
EndProject
Global
	GlobalSection(SolutionConfigurationPlatforms) = preSolution
		Debug|Any CPU = Debug|Any CPU
		Release|Any CPU = Release|Any CPU
	EndGlobalSection
	GlobalSection(ProjectConfigurationPlatforms) = postSolution
		{AABDEC0F-EAC9-43DE-9E22-B1D73DD1F500}.Debug|Any CPU.ActiveCfg = Debug|Any CPU
		{AABDEC0F-EAC9-43DE-9E22-B1D73DD1F500}.Debug|Any CPU.Build.0 = Debug|Any CPU
		{AABDEC0F-EAC9-43DE-9E22-B1D73DD1F500}.Release|Any CPU.ActiveCfg = Release|Any CPU
		{AABDEC0F-EAC9-43DE-9E22-B1D73DD1F500}.Release|Any CPU.Build.0 = Release|Any CPU
	EndGlobalSection
	GlobalSection(SolutionProperties) = preSolution
		HideSolutionNode = FALSE
	EndGlobalSection
	GlobalSection(ExtensibilityGlobals) = postSolution
		SolutionGuid = {2C153BEF-9612-4946-B2AD-243F769A4B17}
	EndGlobalSection
EndGlobal
